
Microsoft Visual Studio Solution File, Format Version 12.00
# Visual Studio Version 16
VisualStudioVersion = 16.0.33328.57
MinimumVisualStudioVersion = 10.0.40219.1
Project("{FAE04EC0-301F-11D3-BF4B-00C04F79EFBC}") = "lab_11", "lab_11.csproj", "{376002B9-70FF-4EBE-A561-33E7AA29FE52}"
EndProject
Global
	GlobalSection(SolutionConfigurationPlatforms) = preSolution
		Debug|Any CPU = Debug|Any CPU
		Release|Any CPU = Release|Any CPU
	EndGlobalSection
	GlobalSection(ProjectConfigurationPlatforms) = postSolution
		{376002B9-70FF-4EBE-A561-33E7AA29FE52}.Debug|Any CPU.ActiveCfg = Debug|Any CPU
		{376002B9-70FF-4EBE-A561-33E7AA29FE52}.Debug|Any CPU.Build.0 = Debug|Any CPU
		{376002B9-70FF-4EBE-A561-33E7AA29FE52}.Release|Any CPU.ActiveCfg = Release|Any CPU
		{376002B9-70FF-4EBE-A561-33E7AA29FE52}.Release|Any CPU.Build.0 = Release|Any CPU
	EndGlobalSection
	GlobalSection(SolutionProperties) = preSolution
		HideSolutionNode = FALSE
	EndGlobalSection
	GlobalSection(ExtensibilityGlobals) = postSolution
		SolutionGuid = {25B9382A-BD54-4350-B394-006802DD869E}
	EndGlobalSection
EndGlobal
