
Microsoft Visual Studio Solution File, Format Version 12.00
# Visual Studio Version 16
VisualStudioVersion = 16.0.33328.57
MinimumVisualStudioVersion = 10.0.40219.1
Project("{FAE04EC0-301F-11D3-BF4B-00C04F79EFBC}") = "lab_2", "lab_2.csproj", "{DF683CEB-E3F9-4F85-8A99-52970014739E}"
EndProject
Global
	GlobalSection(SolutionConfigurationPlatforms) = preSolution
		Debug|Any CPU = Debug|Any CPU
		Release|Any CPU = Release|Any CPU
	EndGlobalSection
	GlobalSection(ProjectConfigurationPlatforms) = postSolution
		{DF683CEB-E3F9-4F85-8A99-52970014739E}.Debug|Any CPU.ActiveCfg = Debug|Any CPU
		{DF683CEB-E3F9-4F85-8A99-52970014739E}.Debug|Any CPU.Build.0 = Debug|Any CPU
		{DF683CEB-E3F9-4F85-8A99-52970014739E}.Release|Any CPU.ActiveCfg = Release|Any CPU
		{DF683CEB-E3F9-4F85-8A99-52970014739E}.Release|Any CPU.Build.0 = Release|Any CPU
	EndGlobalSection
	GlobalSection(SolutionProperties) = preSolution
		HideSolutionNode = FALSE
	EndGlobalSection
	GlobalSection(ExtensibilityGlobals) = postSolution
		SolutionGuid = {446C72E8-AA7E-4301-BF0C-DE764F97653D}
	EndGlobalSection
EndGlobal
