
Microsoft Visual Studio Solution File, Format Version 12.00
# Visual Studio Version 16
VisualStudioVersion = 16.0.33328.57
MinimumVisualStudioVersion = 10.0.40219.1
Project("{FAE04EC0-301F-11D3-BF4B-00C04F79EFBC}") = "lab_7", "lab_7.csproj", "{456E9900-3A31-46B4-AA97-B037D1DCD28E}"
EndProject
Global
	GlobalSection(SolutionConfigurationPlatforms) = preSolution
		Debug|Any CPU = Debug|Any CPU
		Release|Any CPU = Release|Any CPU
	EndGlobalSection
	GlobalSection(ProjectConfigurationPlatforms) = postSolution
		{456E9900-3A31-46B4-AA97-B037D1DCD28E}.Debug|Any CPU.ActiveCfg = Debug|Any CPU
		{456E9900-3A31-46B4-AA97-B037D1DCD28E}.Debug|Any CPU.Build.0 = Debug|Any CPU
		{456E9900-3A31-46B4-AA97-B037D1DCD28E}.Release|Any CPU.ActiveCfg = Release|Any CPU
		{456E9900-3A31-46B4-AA97-B037D1DCD28E}.Release|Any CPU.Build.0 = Release|Any CPU
	EndGlobalSection
	GlobalSection(SolutionProperties) = preSolution
		HideSolutionNode = FALSE
	EndGlobalSection
	GlobalSection(ExtensibilityGlobals) = postSolution
		SolutionGuid = {95F8897C-BD8F-4B3E-AA17-998BAD2768DD}
	EndGlobalSection
EndGlobal
